
Microsoft Visual Studio Solution File, Format Version 12.00
# Visual Studio Version 17
VisualStudioVersion = 17.6.33829.357
MinimumVisualStudioVersion = 10.0.40219.1
Project("{FAE04EC0-301F-11D3-BF4B-00C04F79EFBC}") = "MeetingApp", "MeetingApp\MeetingApp.csproj", "{050FBF7C-8EE3-4A2A-959E-708B00E1330B}"
EndProject
Global
	GlobalSection(SolutionConfigurationPlatforms) = preSolution
		Debug|Any CPU = Debug|Any CPU
		Release|Any CPU = Release|Any CPU
	EndGlobalSection
	GlobalSection(ProjectConfigurationPlatforms) = postSolution
		{050FBF7C-8EE3-4A2A-959E-708B00E1330B}.Debug|Any CPU.ActiveCfg = Debug|Any CPU
		{050FBF7C-8EE3-4A2A-959E-708B00E1330B}.Debug|Any CPU.Build.0 = Debug|Any CPU
		{050FBF7C-8EE3-4A2A-959E-708B00E1330B}.Release|Any CPU.ActiveCfg = Release|Any CPU
		{050FBF7C-8EE3-4A2A-959E-708B00E1330B}.Release|Any CPU.Build.0 = Release|Any CPU
	EndGlobalSection
	GlobalSection(SolutionProperties) = preSolution
		HideSolutionNode = FALSE
	EndGlobalSection
	GlobalSection(ExtensibilityGlobals) = postSolution
		SolutionGuid = {77E40BC4-A97B-489E-918C-02950EF8C12F}
	EndGlobalSection
EndGlobal
